// !$*UTF8*$!
{
	archiveVersion = 1;
	classes = {
	};
	objectVersion = 51;
	objects = {

/* Begin PBXBuildFile section */
		893A442A24C7C0ED004D7E6C /* GoogleService-Info.plist in Resources */ = {isa = PBXBuildFile; fileRef = 893A442924C7C0ED004D7E6C /* GoogleService-Info.plist */; };
		898023EA24C8D7A100DBE396 /* WeatherViewController.swift in Sources */ = {isa = PBXBuildFile; fileRef = 898023E924C8D7A100DBE396 /* WeatherViewController.swift */; };
		898023EC24C8D8D000DBE396 /* Constants.swift in Sources */ = {isa = PBXBuildFile; fileRef = 898023EB24C8D8D000DBE396 /* Constants.swift */; };
		89B49578242986E400611724 /* AppDelegate.swift in Sources */ = {isa = PBXBuildFile; fileRef = 89B49577242986E400611724 /* AppDelegate.swift */; };
		89B4957A242986E400611724 /* SceneDelegate.swift in Sources */ = {isa = PBXBuildFile; fileRef = 89B49579242986E400611724 /* SceneDelegate.swift */; };
		89B4957C242986E400611724 /* WelcomeViewController.swift in Sources */ = {isa = PBXBuildFile; fileRef = 89B4957B242986E400611724 /* WelcomeViewController.swift */; };
		89B4957F242986E400611724 /* Main.storyboard in Resources */ = {isa = PBXBuildFile; fileRef = 89B4957D242986E400611724 /* Main.storyboard */; };
		89B49581242986E600611724 /* Assets.xcassets in Resources */ = {isa = PBXBuildFile; fileRef = 89B49580242986E600611724 /* Assets.xcassets */; };
		89B49584242986E600611724 /* LaunchScreen.storyboard in Resources */ = {isa = PBXBuildFile; fileRef = 89B49582242986E600611724 /* LaunchScreen.storyboard */; };
		89B49594242AE6B600611724 /* RegisterViewController.swift in Sources */ = {isa = PBXBuildFile; fileRef = 89B49593242AE6B600611724 /* RegisterViewController.swift */; };
		89B49596242AE6DF00611724 /* LoginViewController.swift in Sources */ = {isa = PBXBuildFile; fileRef = 89B49595242AE6DF00611724 /* LoginViewController.swift */; };
		89B495A2242AF6E000611724 /* Comfortaa-Regular.ttf in Resources */ = {isa = PBXBuildFile; fileRef = 89B4959F242AF6E000611724 /* Comfortaa-Regular.ttf */; };
		89B495A3242AF6E000611724 /* Comfortaa-Light.ttf in Resources */ = {isa = PBXBuildFile; fileRef = 89B495A0242AF6E000611724 /* Comfortaa-Light.ttf */; };
		89B495A4242AF6E000611724 /* Comfortaa-Bold.ttf in Resources */ = {isa = PBXBuildFile; fileRef = 89B495A1242AF6E000611724 /* Comfortaa-Bold.ttf */; };
		89E2ABE824D4920300B48842 /* WeatherManager.swift in Sources */ = {isa = PBXBuildFile; fileRef = 89E2ABE724D4920300B48842 /* WeatherManager.swift */; };
		89E2ABEA24D4921900B48842 /* WeatherData.swift in Sources */ = {isa = PBXBuildFile; fileRef = 89E2ABE924D4921900B48842 /* WeatherData.swift */; };
		89E2ABEC24D4922D00B48842 /* WeatherModel.swift in Sources */ = {isa = PBXBuildFile; fileRef = 89E2ABEB24D4922D00B48842 /* WeatherModel.swift */; };
		B903AFF8733590E19CE73610 /* Pods_Cilma_2_0.framework in Frameworks */ = {isa = PBXBuildFile; fileRef = 344BC4CE45CA015326AD2AD0 /* Pods_Cilma_2_0.framework */; };
/* End PBXBuildFile section */

/* Begin PBXFileReference section */
		344BC4CE45CA015326AD2AD0 /* Pods_Cilma_2_0.framework */ = {isa = PBXFileReference; explicitFileType = wrapper.framework; includeInIndex = 0; path = Pods_Cilma_2_0.framework; sourceTree = BUILT_PRODUCTS_DIR; };
		6B89788A9F8B116B87227E7F /* Pods-Cilma 2.0.debug.xcconfig */ = {isa = PBXFileReference; includeInIndex = 1; lastKnownFileType = text.xcconfig; name = "Pods-Cilma 2.0.debug.xcconfig"; path = "Target Support Files/Pods-Cilma 2.0/Pods-Cilma 2.0.debug.xcconfig"; sourceTree = "<group>"; };
		8388B1B91532D6234B3B75A2 /* Pods-Cilma 2.0.release.xcconfig */ = {isa = PBXFileReference; includeInIndex = 1; lastKnownFileType = text.xcconfig; name = "Pods-Cilma 2.0.release.xcconfig"; path = "Target Support Files/Pods-Cilma 2.0/Pods-Cilma 2.0.release.xcconfig"; sourceTree = "<group>"; };
		893A442924C7C0ED004D7E6C /* GoogleService-Info.plist */ = {isa = PBXFileReference; fileEncoding = 4; lastKnownFileType = text.plist.xml; path = "GoogleService-Info.plist"; sourceTree = "<group>"; };
		898023E924C8D7A100DBE396 /* WeatherViewController.swift */ = {isa = PBXFileReference; lastKnownFileType = sourcecode.swift; path = WeatherViewController.swift; sourceTree = "<group>"; };
		898023EB24C8D8D000DBE396 /* Constants.swift */ = {isa = PBXFileReference; lastKnownFileType = sourcecode.swift; path = Constants.swift; sourceTree = "<group>"; };
		89B49574242986E400611724 /* Cilma 2.0.app */ = {isa = PBXFileReference; explicitFileType = wrapper.application; includeInIndex = 0; path = "Cilma 2.0.app"; sourceTree = BUILT_PRODUCTS_DIR; };
		89B49577242986E400611724 /* AppDelegate.swift */ = {isa = PBXFileReference; lastKnownFileType = sourcecode.swift; path = AppDelegate.swift; sourceTree = "<group>"; };
		89B49579242986E400611724 /* SceneDelegate.swift */ = {isa = PBXFileReference; lastKnownFileType = sourcecode.swift; path = SceneDelegate.swift; sourceTree = "<group>"; };
		89B4957B242986E400611724 /* WelcomeViewController.swift */ = {isa = PBXFileReference; lastKnownFileType = sourcecode.swift; path = WelcomeViewController.swift; sourceTree = "<group>"; };
		89B4957E242986E400611724 /* Base */ = {isa = PBXFileReference; lastKnownFileType = file.storyboard; name = Base; path = Base.lproj/Main.storyboard; sourceTree = "<group>"; };
		89B49580242986E600611724 /* Assets.xcassets */ = {isa = PBXFileReference; lastKnownFileType = folder.assetcatalog; path = Assets.xcassets; sourceTree = "<group>"; };
		89B49583242986E600611724 /* Base */ = {isa = PBXFileReference; lastKnownFileType = file.storyboard; name = Base; path = Base.lproj/LaunchScreen.storyboard; sourceTree = "<group>"; };
		89B49585242986E600611724 /* Info.plist */ = {isa = PBXFileReference; lastKnownFileType = text.plist.xml; path = Info.plist; sourceTree = "<group>"; };
		89B49593242AE6B600611724 /* RegisterViewController.swift */ = {isa = PBXFileReference; lastKnownFileType = sourcecode.swift; path = RegisterViewController.swift; sourceTree = "<group>"; };
		89B49595242AE6DF00611724 /* LoginViewController.swift */ = {isa = PBXFileReference; lastKnownFileType = sourcecode.swift; path = LoginViewController.swift; sourceTree = "<group>"; };
		89B4959F242AF6E000611724 /* Comfortaa-Regular.ttf */ = {isa = PBXFileReference; lastKnownFileType = file; name = "Comfortaa-Regular.ttf"; path = "../../../../Creative Cloud Files/Clima 2.0 Assets/comfortaa/Comfortaa-Regular.ttf"; sourceTree = "<group>"; };
		89B495A0242AF6E000611724 /* Comfortaa-Light.ttf */ = {isa = PBXFileReference; lastKnownFileType = file; name = "Comfortaa-Light.ttf"; path = "../../../../Creative Cloud Files/Clima 2.0 Assets/comfortaa/Comfortaa-Light.ttf"; sourceTree = "<group>"; };
		89B495A1242AF6E000611724 /* Comfortaa-Bold.ttf */ = {isa = PBXFileReference; lastKnownFileType = file; name = "Comfortaa-Bold.ttf"; path = "../../../../Creative Cloud Files/Clima 2.0 Assets/comfortaa/Comfortaa-Bold.ttf"; sourceTree = "<group>"; };
		89E2ABE724D4920300B48842 /* WeatherManager.swift */ = {isa = PBXFileReference; lastKnownFileType = sourcecode.swift; path = WeatherManager.swift; sourceTree = "<group>"; };
		89E2ABE924D4921900B48842 /* WeatherData.swift */ = {isa = PBXFileReference; lastKnownFileType = sourcecode.swift; path = WeatherData.swift; sourceTree = "<group>"; };
		89E2ABEB24D4922D00B48842 /* WeatherModel.swift */ = {isa = PBXFileReference; lastKnownFileType = sourcecode.swift; path = WeatherModel.swift; sourceTree = "<group>"; };
/* End PBXFileReference section */

/* Begin PBXFrameworksBuildPhase section */
		89B49571242986E400611724 /* Frameworks */ = {
			isa = PBXFrameworksBuildPhase;
			buildActionMask = 2147483647;
			files = (
				B903AFF8733590E19CE73610 /* Pods_Cilma_2_0.framework in Frameworks */,
			);
			runOnlyForDeploymentPostprocessing = 0;
		};
/* End PBXFrameworksBuildPhase section */

/* Begin PBXGroup section */
		3AB42A403CC0296257B78AC9 /* Frameworks */ = {
			isa = PBXGroup;
			children = (
				344BC4CE45CA015326AD2AD0 /* Pods_Cilma_2_0.framework */,
			);
			name = Frameworks;
			sourceTree = "<group>";
		};
		834333615ECD57024F2E20DE /* Pods */ = {
			isa = PBXGroup;
			children = (
				6B89788A9F8B116B87227E7F /* Pods-Cilma 2.0.debug.xcconfig */,
				8388B1B91532D6234B3B75A2 /* Pods-Cilma 2.0.release.xcconfig */,
			);
			path = Pods;
			sourceTree = "<group>";
		};
		89B4956B242986E400611724 = {
			isa = PBXGroup;
			children = (
				89B49576242986E400611724 /* Cilma 2.0 */,
				89B49575242986E400611724 /* Products */,
				89B4958E2429BAC800611724 /* Resources */,
				834333615ECD57024F2E20DE /* Pods */,
				3AB42A403CC0296257B78AC9 /* Frameworks */,
			);
			sourceTree = "<group>";
		};
		89B49575242986E400611724 /* Products */ = {
			isa = PBXGroup;
			children = (
				89B49574242986E400611724 /* Cilma 2.0.app */,
			);
			name = Products;
			sourceTree = "<group>";
		};
		89B49576242986E400611724 /* Cilma 2.0 */ = {
			isa = PBXGroup;
			children = (
				89B4958B2429896600611724 /* Model */,
				89B4958D2429897400611724 /* Controller */,
				89B4958C2429896D00611724 /* View  */,
				89B49577242986E400611724 /* AppDelegate.swift */,
				89B49579242986E400611724 /* SceneDelegate.swift */,
				898023EB24C8D8D000DBE396 /* Constants.swift */,
				89B49580242986E600611724 /* Assets.xcassets */,
				89B49582242986E600611724 /* LaunchScreen.storyboard */,
				89B49585242986E600611724 /* Info.plist */,
				893A442924C7C0ED004D7E6C /* GoogleService-Info.plist */,
			);
			path = "Cilma 2.0";
			sourceTree = "<group>";
		};
		89B4958B2429896600611724 /* Model */ = {
			isa = PBXGroup;
			children = (
				89E2ABE724D4920300B48842 /* WeatherManager.swift */,
				89E2ABE924D4921900B48842 /* WeatherData.swift */,
				89E2ABEB24D4922D00B48842 /* WeatherModel.swift */,
			);
			path = Model;
			sourceTree = "<group>";
		};
		89B4958C2429896D00611724 /* View  */ = {
			isa = PBXGroup;
			children = (
				89B4957D242986E400611724 /* Main.storyboard */,
			);
			path = "View ";
			sourceTree = "<group>";
		};
		89B4958D2429897400611724 /* Controller */ = {
			isa = PBXGroup;
			children = (
				89B4957B242986E400611724 /* WelcomeViewController.swift */,
				89B49593242AE6B600611724 /* RegisterViewController.swift */,
				89B49595242AE6DF00611724 /* LoginViewController.swift */,
				898023E924C8D7A100DBE396 /* WeatherViewController.swift */,
			);
			path = Controller;
			sourceTree = "<group>";
		};
		89B4958E2429BAC800611724 /* Resources */ = {
			isa = PBXGroup;
			children = (
				89B495A1242AF6E000611724 /* Comfortaa-Bold.ttf */,
				89B495A0242AF6E000611724 /* Comfortaa-Light.ttf */,
				89B4959F242AF6E000611724 /* Comfortaa-Regular.ttf */,
			);
			path = Resources;
			sourceTree = "<group>";
		};
/* End PBXGroup section */

/* Begin PBXNativeTarget section */
		89B49573242986E400611724 /* Cilma 2.0 */ = {
			isa = PBXNativeTarget;
			buildConfigurationList = 89B49588242986E600611724 /* Build configuration list for PBXNativeTarget "Cilma 2.0" */;
			buildPhases = (
				F5DD15A8B039FF2F48C7DFC3 /* [CP] Check Pods Manifest.lock */,
				89B49570242986E400611724 /* Sources */,
				89B49571242986E400611724 /* Frameworks */,
				89B49572242986E400611724 /* Resources */,
				C11A54681280351F176F836A /* [CP] Embed Pods Frameworks */,
			);
			buildRules = (
			);
			dependencies = (
			);
			name = "Cilma 2.0";
			productName = "Cilma 2.0";
			productReference = 89B49574242986E400611724 /* Cilma 2.0.app */;
			productType = "com.apple.product-type.application";
		};
/* End PBXNativeTarget section */

/* Begin PBXProject section */
		89B4956C242986E400611724 /* Project object */ = {
			isa = PBXProject;
			attributes = {
				LastSwiftUpdateCheck = 1130;
				LastUpgradeCheck = 1200;
				ORGANIZATIONNAME = "Shoaib Huq";
				TargetAttributes = {
					89B49573242986E400611724 = {
						CreatedOnToolsVersion = 11.3.1;
					};
				};
			};
			buildConfigurationList = 89B4956F242986E400611724 /* Build configuration list for PBXProject "Cilma 2.0" */;
			compatibilityVersion = "Xcode 9.3";
			developmentRegion = en;
			hasScannedForEncodings = 0;
			knownRegions = (
				en,
				Base,
			);
			mainGroup = 89B4956B242986E400611724;
			productRefGroup = 89B49575242986E400611724 /* Products */;
			projectDirPath = "";
			projectRoot = "";
			targets = (
				89B49573242986E400611724 /* Cilma 2.0 */,
			);
		};
/* End PBXProject section */

/* Begin PBXResourcesBuildPhase section */
		89B49572242986E400611724 /* Resources */ = {
			isa = PBXResourcesBuildPhase;
			buildActionMask = 2147483647;
			files = (
				89B495A2242AF6E000611724 /* Comfortaa-Regular.ttf in Resources */,
				89B49584242986E600611724 /* LaunchScreen.storyboard in Resources */,
				89B495A4242AF6E000611724 /* Comfortaa-Bold.ttf in Resources */,
				89B49581242986E600611724 /* Assets.xcassets in Resources */,
				89B4957F242986E400611724 /* Main.storyboard in Resources */,
				89B495A3242AF6E000611724 /* Comfortaa-Light.ttf in Resources */,
				893A442A24C7C0ED004D7E6C /* GoogleService-Info.plist in Resources */,
			);
			runOnlyForDeploymentPostprocessing = 0;
		};
/* End PBXResourcesBuildPhase section */

/* Begin PBXShellScriptBuildPhase section */
		C11A54681280351F176F836A /* [CP] Embed Pods Frameworks */ = {
			isa = PBXShellScriptBuildPhase;
			buildActionMask = 2147483647;
			files = (
			);
			inputFileListPaths = (
				"${PODS_ROOT}/Target Support Files/Pods-Cilma 2.0/Pods-Cilma 2.0-frameworks-${CONFIGURATION}-input-files.xcfilelist",
			);
			name = "[CP] Embed Pods Frameworks";
			outputFileListPaths = (
				"${PODS_ROOT}/Target Support Files/Pods-Cilma 2.0/Pods-Cilma 2.0-frameworks-${CONFIGURATION}-output-files.xcfilelist",
			);
			runOnlyForDeploymentPostprocessing = 0;
			shellPath = /bin/sh;
			shellScript = "\"${PODS_ROOT}/Target Support Files/Pods-Cilma 2.0/Pods-Cilma 2.0-frameworks.sh\"\n";
			showEnvVarsInLog = 0;
		};
		F5DD15A8B039FF2F48C7DFC3 /* [CP] Check Pods Manifest.lock */ = {
			isa = PBXShellScriptBuildPhase;
			buildActionMask = 2147483647;
			files = (
			);
			inputFileListPaths = (
			);
			inputPaths = (
				"${PODS_PODFILE_DIR_PATH}/Podfile.lock",
				"${PODS_ROOT}/Manifest.lock",
			);
			name = "[CP] Check Pods Manifest.lock";
			outputFileListPaths = (
			);
			outputPaths = (
				"$(DERIVED_FILE_DIR)/Pods-Cilma 2.0-checkManifestLockResult.txt",
			);
			runOnlyForDeploymentPostprocessing = 0;
			shellPath = /bin/sh;
			shellScript = "diff \"${PODS_PODFILE_DIR_PATH}/Podfile.lock\" \"${PODS_ROOT}/Manifest.lock\" > /dev/null\nif [ $? != 0 ] ; then\n    # print error to STDERR\n    echo \"error: The sandbox is not in sync with the Podfile.lock. Run 'pod install' or update your CocoaPods installation.\" >&2\n    exit 1\nfi\n# This output is used by Xcode 'outputs' to avoid re-running this script phase.\necho \"SUCCESS\" > \"${SCRIPT_OUTPUT_FILE_0}\"\n";
			showEnvVarsInLog = 0;
		};
/* End PBXShellScriptBuildPhase section */

/* Begin PBXSourcesBuildPhase section */
		89B49570242986E400611724 /* Sources */ = {
			isa = PBXSourcesBuildPhase;
			buildActionMask = 2147483647;
			files = (
				89B4957C242986E400611724 /* WelcomeViewController.swift in Sources */,
				898023EA24C8D7A100DBE396 /* WeatherViewController.swift in Sources */,
				89E2ABE824D4920300B48842 /* WeatherManager.swift in Sources */,
				89B49578242986E400611724 /* AppDelegate.swift in Sources */,
				89E2ABEC24D4922D00B48842 /* WeatherModel.swift in Sources */,
				89B4957A242986E400611724 /* SceneDelegate.swift in Sources */,
				898023EC24C8D8D000DBE396 /* Constants.swift in Sources */,
				89B49594242AE6B600611724 /* RegisterViewController.swift in Sources */,
				89E2ABEA24D4921900B48842 /* WeatherData.swift in Sources */,
				89B49596242AE6DF00611724 /* LoginViewController.swift in Sources */,
			);
			runOnlyForDeploymentPostprocessing = 0;
		};
/* End PBXSourcesBuildPhase section */

/* Begin PBXVariantGroup section */
		89B4957D242986E400611724 /* Main.storyboard */ = {
			isa = PBXVariantGroup;
			children = (
				89B4957E242986E400611724 /* Base */,
			);
			name = Main.storyboard;
			sourceTree = "<group>";
		};
		89B49582242986E600611724 /* LaunchScreen.storyboard */ = {
			isa = PBXVariantGroup;
			children = (
				89B49583242986E600611724 /* Base */,
			);
			name = LaunchScreen.storyboard;
			sourceTree = "<group>";
		};
/* End PBXVariantGroup section */

/* Begin XCBuildConfiguration section */
		89B49586242986E600611724 /* Debug */ = {
			isa = XCBuildConfiguration;
			buildSettings = {
				ALWAYS_SEARCH_USER_PATHS = NO;
				CLANG_ANALYZER_NONNULL = YES;
				CLANG_ANALYZER_NUMBER_OBJECT_CONVERSION = YES_AGGRESSIVE;
				CLANG_CXX_LANGUAGE_STANDARD = "gnu++14";
				CLANG_CXX_LIBRARY = "libc++";
				CLANG_ENABLE_MODULES = YES;
				CLANG_ENABLE_OBJC_ARC = YES;
				CLANG_ENABLE_OBJC_WEAK = YES;
				CLANG_WARN_BLOCK_CAPTURE_AUTORELEASING = YES;
				CLANG_WARN_BOOL_CONVERSION = YES;
				CLANG_WARN_COMMA = YES;
				CLANG_WARN_CONSTANT_CONVERSION = YES;
				CLANG_WARN_DEPRECATED_OBJC_IMPLEMENTATIONS = YES;
				CLANG_WARN_DIRECT_OBJC_ISA_USAGE = YES_ERROR;
				CLANG_WARN_DOCUMENTATION_COMMENTS = YES;
				CLANG_WARN_EMPTY_BODY = YES;
				CLANG_WARN_ENUM_CONVERSION = YES;
				CLANG_WARN_INFINITE_RECURSION = YES;
				CLANG_WARN_INT_CONVERSION = YES;
				CLANG_WARN_NON_LITERAL_NULL_CONVERSION = YES;
				CLANG_WARN_OBJC_IMPLICIT_RETAIN_SELF = YES;
				CLANG_WARN_OBJC_LITERAL_CONVERSION = YES;
				CLANG_WARN_OBJC_ROOT_CLASS = YES_ERROR;
				CLANG_WARN_QUOTED_INCLUDE_IN_FRAMEWORK_HEADER = YES;
				CLANG_WARN_RANGE_LOOP_ANALYSIS = YES;
				CLANG_WARN_STRICT_PROTOTYPES = YES;
				CLANG_WARN_SUSPICIOUS_MOVE = YES;
				CLANG_WARN_UNGUARDED_AVAILABILITY = YES_AGGRESSIVE;
				CLANG_WARN_UNREACHABLE_CODE = YES;
				CLANG_WARN__DUPLICATE_METHOD_MATCH = YES;
				COPY_PHASE_STRIP = NO;
				DEBUG_INFORMATION_FORMAT = dwarf;
				ENABLE_STRICT_OBJC_MSGSEND = YES;
				ENABLE_TESTABILITY = YES;
				GCC_C_LANGUAGE_STANDARD = gnu11;
				GCC_DYNAMIC_NO_PIC = NO;
				GCC_NO_COMMON_BLOCKS = YES;
				GCC_OPTIMIZATION_LEVEL = 0;
				GCC_PREPROCESSOR_DEFINITIONS = (
					"DEBUG=1",
					"$(inherited)",
				);
				GCC_WARN_64_TO_32_BIT_CONVERSION = YES;
				GCC_WARN_ABOUT_RETURN_TYPE = YES_ERROR;
				GCC_WARN_UNDECLARED_SELECTOR = YES;
				GCC_WARN_UNINITIALIZED_AUTOS = YES_AGGRESSIVE;
				GCC_WARN_UNUSED_FUNCTION = YES;
				GCC_WARN_UNUSED_VARIABLE = YES;
				IPHONEOS_DEPLOYMENT_TARGET = 13.2;
				MTL_ENABLE_DEBUG_INFO = INCLUDE_SOURCE;
				MTL_FAST_MATH = YES;
				ONLY_ACTIVE_ARCH = YES;
				SDKROOT = iphoneos;
				SWIFT_ACTIVE_COMPILATION_CONDITIONS = DEBUG;
				SWIFT_OPTIMIZATION_LEVEL = "-Onone";
			};
			name = Debug;
		};
		89B49587242986E600611724 /* Release */ = {
			isa = XCBuildConfiguration;
			buildSettings = {
				ALWAYS_SEARCH_USER_PATHS = NO;
				CLANG_ANALYZER_NONNULL = YES;
				CLANG_ANALYZER_NUMBER_OBJECT_CONVERSION = YES_AGGRESSIVE;
				CLANG_CXX_LANGUAGE_STANDARD = "gnu++14";
				CLANG_CXX_LIBRARY = "libc++";
				CLANG_ENABLE_MODULES = YES;
				CLANG_ENABLE_OBJC_ARC = YES;
				CLANG_ENABLE_OBJC_WEAK = YES;
				CLANG_WARN_BLOCK_CAPTURE_AUTORELEASING = YES;
				CLANG_WARN_BOOL_CONVERSION = YES;
				CLANG_WARN_COMMA = YES;
				CLANG_WARN_CONSTANT_CONVERSION = YES;
				CLANG_WARN_DEPRECATED_OBJC_IMPLEMENTATIONS = YES;
				CLANG_WARN_DIRECT_OBJC_ISA_USAGE = YES_ERROR;
				CLANG_WARN_DOCUMENTATION_COMMENTS = YES;
				CLANG_WARN_EMPTY_BODY = YES;
				CLANG_WARN_ENUM_CONVERSION = YES;
				CLANG_WARN_INFINITE_RECURSION = YES;
				CLANG_WARN_INT_CONVERSION = YES;
				CLANG_WARN_NON_LITERAL_NULL_CONVERSION = YES;
				CLANG_WARN_OBJC_IMPLICIT_RETAIN_SELF = YES;
				CLANG_WARN_OBJC_LITERAL_CONVERSION = YES;
				CLANG_WARN_OBJC_ROOT_CLASS = YES_ERROR;
				CLANG_WARN_QUOTED_INCLUDE_IN_FRAMEWORK_HEADER = YES;
				CLANG_WARN_RANGE_LOOP_ANALYSIS = YES;
				CLANG_WARN_STRICT_PROTOTYPES = YES;
				CLANG_WARN_SUSPICIOUS_MOVE = YES;
				CLANG_WARN_UNGUARDED_AVAILABILITY = YES_AGGRESSIVE;
				CLANG_WARN_UNREACHABLE_CODE = YES;
				CLANG_WARN__DUPLICATE_METHOD_MATCH = YES;
				COPY_PHASE_STRIP = NO;
				DEBUG_INFORMATION_FORMAT = "dwarf-with-dsym";
				ENABLE_NS_ASSERTIONS = NO;
				ENABLE_STRICT_OBJC_MSGSEND = YES;
				GCC_C_LANGUAGE_STANDARD = gnu11;
				GCC_NO_COMMON_BLOCKS = YES;
				GCC_WARN_64_TO_32_BIT_CONVERSION = YES;
				GCC_WARN_ABOUT_RETURN_TYPE = YES_ERROR;
				GCC_WARN_UNDECLARED_SELECTOR = YES;
				GCC_WARN_UNINITIALIZED_AUTOS = YES_AGGRESSIVE;
				GCC_WARN_UNUSED_FUNCTION = YES;
				GCC_WARN_UNUSED_VARIABLE = YES;
				IPHONEOS_DEPLOYMENT_TARGET = 13.2;
				MTL_ENABLE_DEBUG_INFO = NO;
				MTL_FAST_MATH = YES;
				SDKROOT = iphoneos;
				SWIFT_COMPILATION_MODE = wholemodule;
				SWIFT_OPTIMIZATION_LEVEL = "-O";
				VALIDATE_PRODUCT = YES;
			};
			name = Release;
		};
		89B49589242986E600611724 /* Debug */ = {
			isa = XCBuildConfiguration;
			baseConfigurationReference = 6B89788A9F8B116B87227E7F /* Pods-Cilma 2.0.debug.xcconfig */;
			buildSettings = {
				ASSETCATALOG_COMPILER_APPICON_NAME = "AppIcon-1";
				CODE_SIGN_STYLE = Automatic;
				DEVELOPMENT_TEAM = 6F3A58SWMP;
				INFOPLIST_FILE = "Cilma 2.0/Info.plist";
				LD_RUNPATH_SEARCH_PATHS = (
					"$(inherited)",
					"@executable_path/Frameworks",
				);
				PRODUCT_BUNDLE_IDENTIFIER = "com.ShoaibHuq.Cilma-2-0";
				PRODUCT_NAME = "$(TARGET_NAME)";
				SWIFT_VERSION = 5.0;
				TARGETED_DEVICE_FAMILY = "1,2";
			};
			name = Debug;
		};
		89B4958A242986E600611724 /* Release */ = {
			isa = XCBuildConfiguration;
			baseConfigurationReference = 8388B1B91532D6234B3B75A2 /* Pods-Cilma 2.0.release.xcconfig */;
			buildSettings = {
				ASSETCATALOG_COMPILER_APPICON_NAME = "AppIcon-1";
				CODE_SIGN_STYLE = Automatic;
				DEVELOPMENT_TEAM = 6F3A58SWMP;
				INFOPLIST_FILE = "Cilma 2.0/Info.plist";
				LD_RUNPATH_SEARCH_PATHS = (
					"$(inherited)",
					"@executable_path/Frameworks",
				);
				PRODUCT_BUNDLE_IDENTIFIER = "com.ShoaibHuq.Cilma-2-0";
				PRODUCT_NAME = "$(TARGET_NAME)";
				SWIFT_VERSION = 5.0;
				TARGETED_DEVICE_FAMILY = "1,2";
			};
			name = Release;
		};
/* End XCBuildConfiguration section */

/* Begin XCConfigurationList section */
		89B4956F242986E400611724 /* Build configuration list for PBXProject "Cilma 2.0" */ = {
			isa = XCConfigurationList;
			buildConfigurations = (
				89B49586242986E600611724 /* Debug */,
				89B49587242986E600611724 /* Release */,
			);
			defaultConfigurationIsVisible = 0;
			defaultConfigurationName = Release;
		};
		89B49588242986E600611724 /* Build configuration list for PBXNativeTarget "Cilma 2.0" */ = {
			isa = XCConfigurationList;
			buildConfigurations = (
				89B49589242986E600611724 /* Debug */,
				89B4958A242986E600611724 /* Release */,
			);
			defaultConfigurationIsVisible = 0;
			defaultConfigurationName = Release;
		};
/* End XCConfigurationList section */
	};
	rootObject = 89B4956C242986E400611724 /* Project object */;
}
